
Microsoft Visual Studio Solution File, Format Version 12.00
# Visual Studio Version 16
VisualStudioVersion = 16.0.33328.57
MinimumVisualStudioVersion = 10.0.40219.1
Project("{FAE04EC0-301F-11D3-BF4B-00C04F79EFBC}") = "l4_5", "l4_5\l4_5.csproj", "{052D921C-3F9B-4242-BF46-46CBA4EA3BAF}"
EndProject
Global
	GlobalSection(SolutionConfigurationPlatforms) = preSolution
		Debug|Any CPU = Debug|Any CPU
		Release|Any CPU = Release|Any CPU
	EndGlobalSection
	GlobalSection(ProjectConfigurationPlatforms) = postSolution
		{052D921C-3F9B-4242-BF46-46CBA4EA3BAF}.Debug|Any CPU.ActiveCfg = Debug|Any CPU
		{052D921C-3F9B-4242-BF46-46CBA4EA3BAF}.Debug|Any CPU.Build.0 = Debug|Any CPU
		{052D921C-3F9B-4242-BF46-46CBA4EA3BAF}.Release|Any CPU.ActiveCfg = Release|Any CPU
		{052D921C-3F9B-4242-BF46-46CBA4EA3BAF}.Release|Any CPU.Build.0 = Release|Any CPU
	EndGlobalSection
	GlobalSection(SolutionProperties) = preSolution
		HideSolutionNode = FALSE
	EndGlobalSection
	GlobalSection(ExtensibilityGlobals) = postSolution
		SolutionGuid = {C25DD99E-0C58-4BE9-AB39-23FE7BDA6F9D}
	EndGlobalSection
EndGlobal
