
Microsoft Visual Studio Solution File, Format Version 12.00
# Visual Studio Version 16
VisualStudioVersion = 16.0.33328.57
MinimumVisualStudioVersion = 10.0.40219.1
Project("{FAE04EC0-301F-11D3-BF4B-00C04F79EFBC}") = "l4_4", "l4_4\l4_4.csproj", "{65E14395-9B14-46E7-AD48-B96EEBCB8241}"
EndProject
Global
	GlobalSection(SolutionConfigurationPlatforms) = preSolution
		Debug|Any CPU = Debug|Any CPU
		Release|Any CPU = Release|Any CPU
	EndGlobalSection
	GlobalSection(ProjectConfigurationPlatforms) = postSolution
		{65E14395-9B14-46E7-AD48-B96EEBCB8241}.Debug|Any CPU.ActiveCfg = Debug|Any CPU
		{65E14395-9B14-46E7-AD48-B96EEBCB8241}.Debug|Any CPU.Build.0 = Debug|Any CPU
		{65E14395-9B14-46E7-AD48-B96EEBCB8241}.Release|Any CPU.ActiveCfg = Release|Any CPU
		{65E14395-9B14-46E7-AD48-B96EEBCB8241}.Release|Any CPU.Build.0 = Release|Any CPU
	EndGlobalSection
	GlobalSection(SolutionProperties) = preSolution
		HideSolutionNode = FALSE
	EndGlobalSection
	GlobalSection(ExtensibilityGlobals) = postSolution
		SolutionGuid = {E50318E2-FED2-4C70-9024-02DA03E858A0}
	EndGlobalSection
EndGlobal
