
Microsoft Visual Studio Solution File, Format Version 12.00
# Visual Studio Version 16
VisualStudioVersion = 16.0.33328.57
MinimumVisualStudioVersion = 10.0.40219.1
Project("{FAE04EC0-301F-11D3-BF4B-00C04F79EFBC}") = "Lekcja 5 gra", "Lekcja 5 gra\Lekcja 5 gra.csproj", "{1228D3BB-8E3B-449B-B31D-F64FF32CF10C}"
EndProject
Global
	GlobalSection(SolutionConfigurationPlatforms) = preSolution
		Debug|Any CPU = Debug|Any CPU
		Release|Any CPU = Release|Any CPU
	EndGlobalSection
	GlobalSection(ProjectConfigurationPlatforms) = postSolution
		{1228D3BB-8E3B-449B-B31D-F64FF32CF10C}.Debug|Any CPU.ActiveCfg = Debug|Any CPU
		{1228D3BB-8E3B-449B-B31D-F64FF32CF10C}.Debug|Any CPU.Build.0 = Debug|Any CPU
		{1228D3BB-8E3B-449B-B31D-F64FF32CF10C}.Release|Any CPU.ActiveCfg = Release|Any CPU
		{1228D3BB-8E3B-449B-B31D-F64FF32CF10C}.Release|Any CPU.Build.0 = Release|Any CPU
	EndGlobalSection
	GlobalSection(SolutionProperties) = preSolution
		HideSolutionNode = FALSE
	EndGlobalSection
	GlobalSection(ExtensibilityGlobals) = postSolution
		SolutionGuid = {59B36950-FB45-485E-AC18-F6502480509A}
	EndGlobalSection
EndGlobal
