
Microsoft Visual Studio Solution File, Format Version 12.00
# Visual Studio Version 16
VisualStudioVersion = 16.0.33328.57
MinimumVisualStudioVersion = 10.0.40219.1
Project("{FAE04EC0-301F-11D3-BF4B-00C04F79EFBC}") = "Lekcja 5 operatory", "Lekcja 5 operatory\Lekcja 5 operatory.csproj", "{D73F0F92-6C5F-486A-AEE5-F2E6386FCB2E}"
EndProject
Global
	GlobalSection(SolutionConfigurationPlatforms) = preSolution
		Debug|Any CPU = Debug|Any CPU
		Release|Any CPU = Release|Any CPU
	EndGlobalSection
	GlobalSection(ProjectConfigurationPlatforms) = postSolution
		{D73F0F92-6C5F-486A-AEE5-F2E6386FCB2E}.Debug|Any CPU.ActiveCfg = Debug|Any CPU
		{D73F0F92-6C5F-486A-AEE5-F2E6386FCB2E}.Debug|Any CPU.Build.0 = Debug|Any CPU
		{D73F0F92-6C5F-486A-AEE5-F2E6386FCB2E}.Release|Any CPU.ActiveCfg = Release|Any CPU
		{D73F0F92-6C5F-486A-AEE5-F2E6386FCB2E}.Release|Any CPU.Build.0 = Release|Any CPU
	EndGlobalSection
	GlobalSection(SolutionProperties) = preSolution
		HideSolutionNode = FALSE
	EndGlobalSection
	GlobalSection(ExtensibilityGlobals) = postSolution
		SolutionGuid = {548AB860-DF6E-417D-AB7E-AAB17C973D22}
	EndGlobalSection
EndGlobal
