
Microsoft Visual Studio Solution File, Format Version 12.00
# Visual Studio Version 16
VisualStudioVersion = 16.0.33328.57
MinimumVisualStudioVersion = 10.0.40219.1
Project("{FAE04EC0-301F-11D3-BF4B-00C04F79EFBC}") = "Lekcja 3 kula", "Lekcja 3 kula\Lekcja 3 kula.csproj", "{BD985DBC-EB98-4946-B6A5-30DC3A73E43C}"
EndProject
Global
	GlobalSection(SolutionConfigurationPlatforms) = preSolution
		Debug|Any CPU = Debug|Any CPU
		Release|Any CPU = Release|Any CPU
	EndGlobalSection
	GlobalSection(ProjectConfigurationPlatforms) = postSolution
		{BD985DBC-EB98-4946-B6A5-30DC3A73E43C}.Debug|Any CPU.ActiveCfg = Debug|Any CPU
		{BD985DBC-EB98-4946-B6A5-30DC3A73E43C}.Debug|Any CPU.Build.0 = Debug|Any CPU
		{BD985DBC-EB98-4946-B6A5-30DC3A73E43C}.Release|Any CPU.ActiveCfg = Release|Any CPU
		{BD985DBC-EB98-4946-B6A5-30DC3A73E43C}.Release|Any CPU.Build.0 = Release|Any CPU
	EndGlobalSection
	GlobalSection(SolutionProperties) = preSolution
		HideSolutionNode = FALSE
	EndGlobalSection
	GlobalSection(ExtensibilityGlobals) = postSolution
		SolutionGuid = {87052618-3E99-4398-A4EB-8B25E5CD52AA}
	EndGlobalSection
EndGlobal
